Microsoft Visual Studio Solution File, Format Version 12.00
# Visual Studio Version 17
VisualStudioVersion = 17.5.2.0
MinimumVisualStudioVersion = 10.0.40219.1
Project("{FAE04EC0-301F-11D3-BF4B-00C04F79EFBC}") = "solidConsoleApp", "solidConsoleApp\solidConsoleApp.csproj", "{691EF874-DC31-B057-9C28-7C0E2D843764}"
EndProject
Global
	GlobalSection(SolutionConfigurationPlatforms) = preSolution
		Debug|Any CPU = Debug|Any CPU
		Release|Any CPU = Release|Any CPU
	EndGlobalSection
	GlobalSection(ProjectConfigurationPlatforms) = postSolution
		{691EF874-DC31-B057-9C28-7C0E2D843764}.Debug|Any CPU.ActiveCfg = Debug|Any CPU
		{691EF874-DC31-B057-9C28-7C0E2D843764}.Debug|Any CPU.Build.0 = Debug|Any CPU
		{691EF874-DC31-B057-9C28-7C0E2D843764}.Release|Any CPU.ActiveCfg = Release|Any CPU
		{691EF874-DC31-B057-9C28-7C0E2D843764}.Release|Any CPU.Build.0 = Release|Any CPU
	EndGlobalSection
	GlobalSection(SolutionProperties) = preSolution
		HideSolutionNode = FALSE
	EndGlobalSection
	GlobalSection(ExtensibilityGlobals) = postSolution
		SolutionGuid = {A0C82EA0-A3E4-4234-B3C1-C45D702CE4F4}
	EndGlobalSection
EndGlobal
